
Microsoft Visual Studio Solution File, Format Version 12.00
# Visual Studio Version 16
VisualStudioVersion = 16.0.32126.315
MinimumVisualStudioVersion = 10.0.40219.1
Project("{FAE04EC0-301F-11D3-BF4B-00C04F79EFBC}") = "Pallendrum_num", "Pallendrum_num\Pallendrum_num.csproj", "{7F9868AB-CE49-42A2-9F91-8555B5A95900}"
EndProject
Global
	GlobalSection(SolutionConfigurationPlatforms) = preSolution
		Debug|Any CPU = Debug|Any CPU
		Release|Any CPU = Release|Any CPU
	EndGlobalSection
	GlobalSection(ProjectConfigurationPlatforms) = postSolution
		{7F9868AB-CE49-42A2-9F91-8555B5A95900}.Debug|Any CPU.ActiveCfg = Debug|Any CPU
		{7F9868AB-CE49-42A2-9F91-8555B5A95900}.Debug|Any CPU.Build.0 = Debug|Any CPU
		{7F9868AB-CE49-42A2-9F91-8555B5A95900}.Release|Any CPU.ActiveCfg = Release|Any CPU
		{7F9868AB-CE49-42A2-9F91-8555B5A95900}.Release|Any CPU.Build.0 = Release|Any CPU
	EndGlobalSection
	GlobalSection(SolutionProperties) = preSolution
		HideSolutionNode = FALSE
	EndGlobalSection
	GlobalSection(ExtensibilityGlobals) = postSolution
		SolutionGuid = {7ABE14F7-D6B8-4BEC-B6FC-105E79B21EC9}
	EndGlobalSection
EndGlobal
